
Microsoft Visual Studio Solution File, Format Version 12.00
# Visual Studio 15
VisualStudioVersion = 15.0.25807.0
MinimumVisualStudioVersion = 10.0.40219.1
Project("{2150E333-8FDC-42A3-9474-1A3956D46DE8}") = "Engine", "Engine", "{FD29A9E9-741C-4AB8-8EA2-10F77E15F103}"
EndProject
Project("{2150E333-8FDC-42A3-9474-1A3956D46DE8}") = "Games", "Games", "{BBCC79FB-223F-4B41-8D13-F340F6C9BA1B}"
EndProject
Project("{8BC9CEB8-8B4A-11D0-8D11-00A0C91BC942}") = "UE4", "Intermediate\ProjectFiles\UE4.vcxproj", "{F91F8DC3-C383-4C94-AF53-BF62AA53DE08}"
EndProject
Project("{8BC9CEB8-8B4A-11D0-8D11-00A0C91BC942}") = "MMLX", "Intermediate\ProjectFiles\MMLX.vcxproj", "{65CAD0FB-C3DF-4DA6-AB1D-96777A3A15CC}"
EndProject
Project("{2150E333-8FDC-42A3-9474-1A3956D46DE8}") = "Visualizers", "Visualizers", "{EBE5C3F1-3F75-40BF-8FFB-F4E8601D0E97}"
	ProjectSection(SolutionItems) = preProject
		..\..\..\New folder\UE_4.24\Engine\Extras\VisualStudioDebugging\UE4.natvis = ..\..\..\New folder\UE_4.24\Engine\Extras\VisualStudioDebugging\UE4.natvis
	EndProjectSection
EndProject
Global
	GlobalSection(SolutionConfigurationPlatforms) = preSolution
		DebugGame Editor|Win32 = DebugGame Editor|Win32
		DebugGame Editor|Win64 = DebugGame Editor|Win64
		DebugGame|Win32 = DebugGame|Win32
		DebugGame|Win64 = DebugGame|Win64
		Development Editor|Win32 = Development Editor|Win32
		Development Editor|Win64 = Development Editor|Win64
		Development|Win32 = Development|Win32
		Development|Win64 = Development|Win64
		Shipping|Win32 = Shipping|Win32
		Shipping|Win64 = Shipping|Win64
	EndGlobalSection
	GlobalSection(ProjectConfigurationPlatforms) = postSolution
		{F91F8DC3-C383-4C94-AF53-BF62AA53DE08}.DebugGame Editor|Win32.ActiveCfg = BuiltWithUnrealBuildTool|Win32
		{F91F8DC3-C383-4C94-AF53-BF62AA53DE08}.DebugGame Editor|Win64.ActiveCfg = BuiltWithUnrealBuildTool|Win32
		{F91F8DC3-C383-4C94-AF53-BF62AA53DE08}.DebugGame|Win32.ActiveCfg = BuiltWithUnrealBuildTool|Win32
		{F91F8DC3-C383-4C94-AF53-BF62AA53DE08}.DebugGame|Win64.ActiveCfg = BuiltWithUnrealBuildTool|Win32
		{F91F8DC3-C383-4C94-AF53-BF62AA53DE08}.Development Editor|Win32.ActiveCfg = BuiltWithUnrealBuildTool|Win32
		{F91F8DC3-C383-4C94-AF53-BF62AA53DE08}.Development Editor|Win64.ActiveCfg = BuiltWithUnrealBuildTool|Win32
		{F91F8DC3-C383-4C94-AF53-BF62AA53DE08}.Development|Win32.ActiveCfg = BuiltWithUnrealBuildTool|Win32
		{F91F8DC3-C383-4C94-AF53-BF62AA53DE08}.Development|Win64.ActiveCfg = BuiltWithUnrealBuildTool|Win32
		{F91F8DC3-C383-4C94-AF53-BF62AA53DE08}.Shipping|Win32.ActiveCfg = BuiltWithUnrealBuildTool|Win32
		{F91F8DC3-C383-4C94-AF53-BF62AA53DE08}.Shipping|Win64.ActiveCfg = BuiltWithUnrealBuildTool|Win32
		{65CAD0FB-C3DF-4DA6-AB1D-96777A3A15CC}.DebugGame Editor|Win32.ActiveCfg = Invalid|Win32
		{65CAD0FB-C3DF-4DA6-AB1D-96777A3A15CC}.DebugGame Editor|Win64.ActiveCfg = DebugGame_Editor|x64
		{65CAD0FB-C3DF-4DA6-AB1D-96777A3A15CC}.DebugGame Editor|Win64.Build.0 = DebugGame_Editor|x64
		{65CAD0FB-C3DF-4DA6-AB1D-96777A3A15CC}.DebugGame|Win32.ActiveCfg = DebugGame|Win32
		{65CAD0FB-C3DF-4DA6-AB1D-96777A3A15CC}.DebugGame|Win32.Build.0 = DebugGame|Win32
		{65CAD0FB-C3DF-4DA6-AB1D-96777A3A15CC}.DebugGame|Win64.ActiveCfg = DebugGame|x64
		{65CAD0FB-C3DF-4DA6-AB1D-96777A3A15CC}.DebugGame|Win64.Build.0 = DebugGame|x64
		{65CAD0FB-C3DF-4DA6-AB1D-96777A3A15CC}.Development Editor|Win32.ActiveCfg = Invalid|Win32
		{65CAD0FB-C3DF-4DA6-AB1D-96777A3A15CC}.Development Editor|Win64.ActiveCfg = Development_Editor|x64
		{65CAD0FB-C3DF-4DA6-AB1D-96777A3A15CC}.Development Editor|Win64.Build.0 = Development_Editor|x64
		{65CAD0FB-C3DF-4DA6-AB1D-96777A3A15CC}.Development|Win32.ActiveCfg = Development|Win32
		{65CAD0FB-C3DF-4DA6-AB1D-96777A3A15CC}.Development|Win32.Build.0 = Development|Win32
		{65CAD0FB-C3DF-4DA6-AB1D-96777A3A15CC}.Development|Win64.ActiveCfg = Development|x64
		{65CAD0FB-C3DF-4DA6-AB1D-96777A3A15CC}.Development|Win64.Build.0 = Development|x64
		{65CAD0FB-C3DF-4DA6-AB1D-96777A3A15CC}.Shipping|Win32.ActiveCfg = Shipping|Win32
		{65CAD0FB-C3DF-4DA6-AB1D-96777A3A15CC}.Shipping|Win32.Build.0 = Shipping|Win32
		{65CAD0FB-C3DF-4DA6-AB1D-96777A3A15CC}.Shipping|Win64.ActiveCfg = Shipping|x64
		{65CAD0FB-C3DF-4DA6-AB1D-96777A3A15CC}.Shipping|Win64.Build.0 = Shipping|x64
	EndGlobalSection
	GlobalSection(SolutionProperties) = preSolution
		HideSolutionNode = FALSE
	EndGlobalSection
	GlobalSection(NestedProjects) = preSolution
		{F91F8DC3-C383-4C94-AF53-BF62AA53DE08} = {FD29A9E9-741C-4AB8-8EA2-10F77E15F103}
		{65CAD0FB-C3DF-4DA6-AB1D-96777A3A15CC} = {BBCC79FB-223F-4B41-8D13-F340F6C9BA1B}
	EndGlobalSection
EndGlobal
